
Microsoft Visual Studio Solution File, Format Version 12.00
# Visual Studio Version 17
VisualStudioVersion = 17.14.36623.8
MinimumVisualStudioVersion = 10.0.40219.1
Project("{2150E333-8FDC-42A3-9474-1A3956D46DE8}") = "Solution Items", "Solution Items", "{8EC462FD-D22E-90A8-E5CE-7E832BA40C5D}"
	ProjectSection(SolutionItems) = preProject
		.gitignore = .gitignore
	EndProjectSection
EndProject
Project("{FAE04EC0-301F-11D3-BF4B-00C04F79EFBC}") = "Task1", "Task1\Task1.csproj", "{1127E1CF-C3E3-4EA2-9F63-D22843D12E7E}"
EndProject
Project("{FAE04EC0-301F-11D3-BF4B-00C04F79EFBC}") = "Task2", "Task2\Task2.csproj", "{6F91CF88-1DFA-454F-9647-1C1F9E1BF3E4}"
EndProject
Project("{FAE04EC0-301F-11D3-BF4B-00C04F79EFBC}") = "Task3", "Task3\Task3.csproj", "{8C6F5F88-AA89-4D6A-BCBD-5C10E6BB3815}"
EndProject
Project("{FAE04EC0-301F-11D3-BF4B-00C04F79EFBC}") = "Task4", "Task4\Task4.csproj", "{74AC6866-4ADC-4B01-886F-304D623C85A5}"
EndProject
Project("{FAE04EC0-301F-11D3-BF4B-00C04F79EFBC}") = "Task5", "Task5\Task5.csproj", "{60E61AB4-788E-4D88-8D9F-499ADBBE85F5}"
EndProject
Project("{FAE04EC0-301F-11D3-BF4B-00C04F79EFBC}") = "Task6", "Task6\Task6.csproj", "{31049723-0091-4CCD-A993-298834789E8F}"
EndProject
Global
	GlobalSection(SolutionConfigurationPlatforms) = preSolution
		Debug|Any CPU = Debug|Any CPU
		Release|Any CPU = Release|Any CPU
	EndGlobalSection
	GlobalSection(ProjectConfigurationPlatforms) = postSolution
		{1127E1CF-C3E3-4EA2-9F63-D22843D12E7E}.Debug|Any CPU.ActiveCfg = Debug|Any CPU
		{1127E1CF-C3E3-4EA2-9F63-D22843D12E7E}.Debug|Any CPU.Build.0 = Debug|Any CPU
		{1127E1CF-C3E3-4EA2-9F63-D22843D12E7E}.Release|Any CPU.ActiveCfg = Release|Any CPU
		{1127E1CF-C3E3-4EA2-9F63-D22843D12E7E}.Release|Any CPU.Build.0 = Release|Any CPU
		{6F91CF88-1DFA-454F-9647-1C1F9E1BF3E4}.Debug|Any CPU.ActiveCfg = Debug|Any CPU
		{6F91CF88-1DFA-454F-9647-1C1F9E1BF3E4}.Debug|Any CPU.Build.0 = Debug|Any CPU
		{6F91CF88-1DFA-454F-9647-1C1F9E1BF3E4}.Release|Any CPU.ActiveCfg = Release|Any CPU
		{6F91CF88-1DFA-454F-9647-1C1F9E1BF3E4}.Release|Any CPU.Build.0 = Release|Any CPU
		{8C6F5F88-AA89-4D6A-BCBD-5C10E6BB3815}.Debug|Any CPU.ActiveCfg = Debug|Any CPU
		{8C6F5F88-AA89-4D6A-BCBD-5C10E6BB3815}.Debug|Any CPU.Build.0 = Debug|Any CPU
		{8C6F5F88-AA89-4D6A-BCBD-5C10E6BB3815}.Release|Any CPU.ActiveCfg = Release|Any CPU
		{8C6F5F88-AA89-4D6A-BCBD-5C10E6BB3815}.Release|Any CPU.Build.0 = Release|Any CPU
		{74AC6866-4ADC-4B01-886F-304D623C85A5}.Debug|Any CPU.ActiveCfg = Debug|Any CPU
		{74AC6866-4ADC-4B01-886F-304D623C85A5}.Debug|Any CPU.Build.0 = Debug|Any CPU
		{74AC6866-4ADC-4B01-886F-304D623C85A5}.Release|Any CPU.ActiveCfg = Release|Any CPU
		{74AC6866-4ADC-4B01-886F-304D623C85A5}.Release|Any CPU.Build.0 = Release|Any CPU
		{60E61AB4-788E-4D88-8D9F-499ADBBE85F5}.Debug|Any CPU.ActiveCfg = Debug|Any CPU
		{60E61AB4-788E-4D88-8D9F-499ADBBE85F5}.Debug|Any CPU.Build.0 = Debug|Any CPU
		{60E61AB4-788E-4D88-8D9F-499ADBBE85F5}.Release|Any CPU.ActiveCfg = Release|Any CPU
		{60E61AB4-788E-4D88-8D9F-499ADBBE85F5}.Release|Any CPU.Build.0 = Release|Any CPU
		{31049723-0091-4CCD-A993-298834789E8F}.Debug|Any CPU.ActiveCfg = Debug|Any CPU
		{31049723-0091-4CCD-A993-298834789E8F}.Debug|Any CPU.Build.0 = Debug|Any CPU
		{31049723-0091-4CCD-A993-298834789E8F}.Release|Any CPU.ActiveCfg = Release|Any CPU
		{31049723-0091-4CCD-A993-298834789E8F}.Release|Any CPU.Build.0 = Release|Any CPU
	EndGlobalSection
	GlobalSection(SolutionProperties) = preSolution
		HideSolutionNode = FALSE
	EndGlobalSection
	GlobalSection(ExtensibilityGlobals) = postSolution
		SolutionGuid = {09E32AF1-F172-41B8-AA7E-35BEB4151030}
	EndGlobalSection
EndGlobal
